
Microsoft Visual Studio Solution File, Format Version 12.00
# Visual Studio 15
VisualStudioVersion = 15.0.26430.16
MinimumVisualStudioVersion = 10.0.40219.1
Project("{FAE04EC0-301F-11D3-BF4B-00C04F79EFBC}") = "04Exercise", "4Exercise\04Exercise.csproj", "{AD3E0134-3216-41D8-8D20-D3270B90E464}"
EndProject
Project("{FAE04EC0-301F-11D3-BF4B-00C04F79EFBC}") = "05Exercise", "05Exercise\05Exercise.csproj", "{DC92735F-D3B1-472C-90C4-B762C8D65FA3}"
EndProject
Project("{FAE04EC0-301F-11D3-BF4B-00C04F79EFBC}") = "06Exercise", "06Exercise\06Exercise.csproj", "{C1A719A7-FAFE-41BE-9B09-00DDA3679729}"
EndProject
Project("{FAE04EC0-301F-11D3-BF4B-00C04F79EFBC}") = "07Exercise", "07Exercise\07Exercise.csproj", "{B818BD44-765F-4A4E-98EA-3ECC7C43EE1B}"
EndProject
Project("{FAE04EC0-301F-11D3-BF4B-00C04F79EFBC}") = "08Exercise", "08Exercise\08Exercise.csproj", "{CAEEC3D5-9912-4BB5-B3A9-01AC03984D1A}"
EndProject
Project("{FAE04EC0-301F-11D3-BF4B-00C04F79EFBC}") = "09Exercise", "09Exercise\09Exercise.csproj", "{FC59252C-61DF-4247-99D2-CC7204F3F12B}"
EndProject
Project("{FAE04EC0-301F-11D3-BF4B-00C04F79EFBC}") = "10Exercise", "10Exercise\10Exercise.csproj", "{12A8D054-4CAF-4BAD-8935-A8CD142A992B}"
EndProject
Project("{FAE04EC0-301F-11D3-BF4B-00C04F79EFBC}") = "11Exercise", "11Exercise\11Exercise.csproj", "{EB3F0EEC-F377-44D9-AF6A-1438D61B24D6}"
EndProject
Project("{FAE04EC0-301F-11D3-BF4B-00C04F79EFBC}") = "12Exercise", "12Exercise\12Exercise.csproj", "{DE31094C-2B4F-41FD-9E96-F240EEF58AE3}"
EndProject
Global
	GlobalSection(SolutionConfigurationPlatforms) = preSolution
		Debug|Any CPU = Debug|Any CPU
		Release|Any CPU = Release|Any CPU
	EndGlobalSection
	GlobalSection(ProjectConfigurationPlatforms) = postSolution
		{AD3E0134-3216-41D8-8D20-D3270B90E464}.Debug|Any CPU.ActiveCfg = Debug|Any CPU
		{AD3E0134-3216-41D8-8D20-D3270B90E464}.Debug|Any CPU.Build.0 = Debug|Any CPU
		{AD3E0134-3216-41D8-8D20-D3270B90E464}.Release|Any CPU.ActiveCfg = Release|Any CPU
		{AD3E0134-3216-41D8-8D20-D3270B90E464}.Release|Any CPU.Build.0 = Release|Any CPU
		{DC92735F-D3B1-472C-90C4-B762C8D65FA3}.Debug|Any CPU.ActiveCfg = Debug|Any CPU
		{DC92735F-D3B1-472C-90C4-B762C8D65FA3}.Debug|Any CPU.Build.0 = Debug|Any CPU
		{DC92735F-D3B1-472C-90C4-B762C8D65FA3}.Release|Any CPU.ActiveCfg = Release|Any CPU
		{DC92735F-D3B1-472C-90C4-B762C8D65FA3}.Release|Any CPU.Build.0 = Release|Any CPU
		{C1A719A7-FAFE-41BE-9B09-00DDA3679729}.Debug|Any CPU.ActiveCfg = Debug|Any CPU
		{C1A719A7-FAFE-41BE-9B09-00DDA3679729}.Debug|Any CPU.Build.0 = Debug|Any CPU
		{C1A719A7-FAFE-41BE-9B09-00DDA3679729}.Release|Any CPU.ActiveCfg = Release|Any CPU
		{C1A719A7-FAFE-41BE-9B09-00DDA3679729}.Release|Any CPU.Build.0 = Release|Any CPU
		{B818BD44-765F-4A4E-98EA-3ECC7C43EE1B}.Debug|Any CPU.ActiveCfg = Debug|Any CPU
		{B818BD44-765F-4A4E-98EA-3ECC7C43EE1B}.Debug|Any CPU.Build.0 = Debug|Any CPU
		{B818BD44-765F-4A4E-98EA-3ECC7C43EE1B}.Release|Any CPU.ActiveCfg = Release|Any CPU
		{B818BD44-765F-4A4E-98EA-3ECC7C43EE1B}.Release|Any CPU.Build.0 = Release|Any CPU
		{CAEEC3D5-9912-4BB5-B3A9-01AC03984D1A}.Debug|Any CPU.ActiveCfg = Debug|Any CPU
		{CAEEC3D5-9912-4BB5-B3A9-01AC03984D1A}.Debug|Any CPU.Build.0 = Debug|Any CPU
		{CAEEC3D5-9912-4BB5-B3A9-01AC03984D1A}.Release|Any CPU.ActiveCfg = Release|Any CPU
		{CAEEC3D5-9912-4BB5-B3A9-01AC03984D1A}.Release|Any CPU.Build.0 = Release|Any CPU
		{FC59252C-61DF-4247-99D2-CC7204F3F12B}.Debug|Any CPU.ActiveCfg = Debug|Any CPU
		{FC59252C-61DF-4247-99D2-CC7204F3F12B}.Debug|Any CPU.Build.0 = Debug|Any CPU
		{FC59252C-61DF-4247-99D2-CC7204F3F12B}.Release|Any CPU.ActiveCfg = Release|Any CPU
		{FC59252C-61DF-4247-99D2-CC7204F3F12B}.Release|Any CPU.Build.0 = Release|Any CPU
		{12A8D054-4CAF-4BAD-8935-A8CD142A992B}.Debug|Any CPU.ActiveCfg = Debug|Any CPU
		{12A8D054-4CAF-4BAD-8935-A8CD142A992B}.Debug|Any CPU.Build.0 = Debug|Any CPU
		{12A8D054-4CAF-4BAD-8935-A8CD142A992B}.Release|Any CPU.ActiveCfg = Release|Any CPU
		{12A8D054-4CAF-4BAD-8935-A8CD142A992B}.Release|Any CPU.Build.0 = Release|Any CPU
		{EB3F0EEC-F377-44D9-AF6A-1438D61B24D6}.Debug|Any CPU.ActiveCfg = Debug|Any CPU
		{EB3F0EEC-F377-44D9-AF6A-1438D61B24D6}.Debug|Any CPU.Build.0 = Debug|Any CPU
		{EB3F0EEC-F377-44D9-AF6A-1438D61B24D6}.Release|Any CPU.ActiveCfg = Release|Any CPU
		{EB3F0EEC-F377-44D9-AF6A-1438D61B24D6}.Release|Any CPU.Build.0 = Release|Any CPU
		{DE31094C-2B4F-41FD-9E96-F240EEF58AE3}.Debug|Any CPU.ActiveCfg = Debug|Any CPU
		{DE31094C-2B4F-41FD-9E96-F240EEF58AE3}.Debug|Any CPU.Build.0 = Debug|Any CPU
		{DE31094C-2B4F-41FD-9E96-F240EEF58AE3}.Release|Any CPU.ActiveCfg = Release|Any CPU
		{DE31094C-2B4F-41FD-9E96-F240EEF58AE3}.Release|Any CPU.Build.0 = Release|Any CPU
	EndGlobalSection
	GlobalSection(SolutionProperties) = preSolution
		HideSolutionNode = FALSE
	EndGlobalSection
EndGlobal
