
Microsoft Visual Studio Solution File, Format Version 12.00
# Visual Studio 15
VisualStudioVersion = 15.0.26430.16
MinimumVisualStudioVersion = 10.0.40219.1
Project("{FAE04EC0-301F-11D3-BF4B-00C04F79EFBC}") = "05Exercise", "05Exercise\05Exercise.csproj", "{C938FBC1-A884-4B1E-BB7E-84F4502089B8}"
EndProject
Project("{FAE04EC0-301F-11D3-BF4B-00C04F79EFBC}") = "06Exercise", "06Exercise\06Exercise.csproj", "{30C61FD1-8809-412C-8905-0073B341FA6B}"
EndProject
Project("{FAE04EC0-301F-11D3-BF4B-00C04F79EFBC}") = "07Exercise", "07Exercise\07Exercise.csproj", "{71DC630A-3A15-41C0-A8C4-4957A6EE0155}"
EndProject
Project("{FAE04EC0-301F-11D3-BF4B-00C04F79EFBC}") = "09Exercise", "09Exercise\09Exercise.csproj", "{4BC3B002-7207-4575-8125-ACE24E8ED657}"
EndProject
Project("{FAE04EC0-301F-11D3-BF4B-00C04F79EFBC}") = "10EXERCISE", "10EXERCISE\10EXERCISE.csproj", "{163D1EC7-8EB7-46BC-9FE5-EA59A2D2BE8C}"
EndProject
Project("{FAE04EC0-301F-11D3-BF4B-00C04F79EFBC}") = "11Exercise", "11Exercise\11Exercise.csproj", "{D157F7E7-B0B1-4B46-AB7E-0A8D4218A9E3}"
EndProject
Project("{FAE04EC0-301F-11D3-BF4B-00C04F79EFBC}") = "12Exercise", "12Exercise\12Exercise.csproj", "{DB9D6B22-5BE1-4842-A3F6-F1C866EDE9AF}"
EndProject
Project("{FAE04EC0-301F-11D3-BF4B-00C04F79EFBC}") = "13Exercise", "13Exercise\13Exercise.csproj", "{3E6679CE-7551-4DA0-9EAB-AE535997576A}"
EndProject
Project("{FAE04EC0-301F-11D3-BF4B-00C04F79EFBC}") = "14Exercise", "14Exercise\14Exercise.csproj", "{5684A344-2028-48FA-942E-71B30FBF7F17}"
EndProject
Project("{FAE04EC0-301F-11D3-BF4B-00C04F79EFBC}") = "15Exercise", "15Exercise\15Exercise.csproj", "{DC0119AE-3307-4076-A81C-40D3CB068CC0}"
EndProject
Project("{FAE04EC0-301F-11D3-BF4B-00C04F79EFBC}") = "16Exercise", "16Exercise\16Exercise.csproj", "{3B8A191E-CB39-429A-B836-94447A16E208}"
EndProject
Project("{FAE04EC0-301F-11D3-BF4B-00C04F79EFBC}") = "17Exercise", "17Exercise\17Exercise.csproj", "{9BAB32B4-C6D3-4346-9B36-149D91EEB7CB}"
EndProject
Project("{FAE04EC0-301F-11D3-BF4B-00C04F79EFBC}") = "18Exercise", "18Exercise\18Exercise.csproj", "{3175F12C-D90B-493C-80FD-35417008E834}"
EndProject
Global
	GlobalSection(SolutionConfigurationPlatforms) = preSolution
		Debug|Any CPU = Debug|Any CPU
		Release|Any CPU = Release|Any CPU
	EndGlobalSection
	GlobalSection(ProjectConfigurationPlatforms) = postSolution
		{C938FBC1-A884-4B1E-BB7E-84F4502089B8}.Debug|Any CPU.ActiveCfg = Debug|Any CPU
		{C938FBC1-A884-4B1E-BB7E-84F4502089B8}.Debug|Any CPU.Build.0 = Debug|Any CPU
		{C938FBC1-A884-4B1E-BB7E-84F4502089B8}.Release|Any CPU.ActiveCfg = Release|Any CPU
		{C938FBC1-A884-4B1E-BB7E-84F4502089B8}.Release|Any CPU.Build.0 = Release|Any CPU
		{30C61FD1-8809-412C-8905-0073B341FA6B}.Debug|Any CPU.ActiveCfg = Debug|Any CPU
		{30C61FD1-8809-412C-8905-0073B341FA6B}.Debug|Any CPU.Build.0 = Debug|Any CPU
		{30C61FD1-8809-412C-8905-0073B341FA6B}.Release|Any CPU.ActiveCfg = Release|Any CPU
		{30C61FD1-8809-412C-8905-0073B341FA6B}.Release|Any CPU.Build.0 = Release|Any CPU
		{71DC630A-3A15-41C0-A8C4-4957A6EE0155}.Debug|Any CPU.ActiveCfg = Debug|Any CPU
		{71DC630A-3A15-41C0-A8C4-4957A6EE0155}.Debug|Any CPU.Build.0 = Debug|Any CPU
		{71DC630A-3A15-41C0-A8C4-4957A6EE0155}.Release|Any CPU.ActiveCfg = Release|Any CPU
		{71DC630A-3A15-41C0-A8C4-4957A6EE0155}.Release|Any CPU.Build.0 = Release|Any CPU
		{4BC3B002-7207-4575-8125-ACE24E8ED657}.Debug|Any CPU.ActiveCfg = Debug|Any CPU
		{4BC3B002-7207-4575-8125-ACE24E8ED657}.Debug|Any CPU.Build.0 = Debug|Any CPU
		{4BC3B002-7207-4575-8125-ACE24E8ED657}.Release|Any CPU.ActiveCfg = Release|Any CPU
		{4BC3B002-7207-4575-8125-ACE24E8ED657}.Release|Any CPU.Build.0 = Release|Any CPU
		{163D1EC7-8EB7-46BC-9FE5-EA59A2D2BE8C}.Debug|Any CPU.ActiveCfg = Debug|Any CPU
		{163D1EC7-8EB7-46BC-9FE5-EA59A2D2BE8C}.Debug|Any CPU.Build.0 = Debug|Any CPU
		{163D1EC7-8EB7-46BC-9FE5-EA59A2D2BE8C}.Release|Any CPU.ActiveCfg = Release|Any CPU
		{163D1EC7-8EB7-46BC-9FE5-EA59A2D2BE8C}.Release|Any CPU.Build.0 = Release|Any CPU
		{D157F7E7-B0B1-4B46-AB7E-0A8D4218A9E3}.Debug|Any CPU.ActiveCfg = Debug|Any CPU
		{D157F7E7-B0B1-4B46-AB7E-0A8D4218A9E3}.Debug|Any CPU.Build.0 = Debug|Any CPU
		{D157F7E7-B0B1-4B46-AB7E-0A8D4218A9E3}.Release|Any CPU.ActiveCfg = Release|Any CPU
		{D157F7E7-B0B1-4B46-AB7E-0A8D4218A9E3}.Release|Any CPU.Build.0 = Release|Any CPU
		{DB9D6B22-5BE1-4842-A3F6-F1C866EDE9AF}.Debug|Any CPU.ActiveCfg = Debug|Any CPU
		{DB9D6B22-5BE1-4842-A3F6-F1C866EDE9AF}.Debug|Any CPU.Build.0 = Debug|Any CPU
		{DB9D6B22-5BE1-4842-A3F6-F1C866EDE9AF}.Release|Any CPU.ActiveCfg = Release|Any CPU
		{DB9D6B22-5BE1-4842-A3F6-F1C866EDE9AF}.Release|Any CPU.Build.0 = Release|Any CPU
		{3E6679CE-7551-4DA0-9EAB-AE535997576A}.Debug|Any CPU.ActiveCfg = Debug|Any CPU
		{3E6679CE-7551-4DA0-9EAB-AE535997576A}.Debug|Any CPU.Build.0 = Debug|Any CPU
		{3E6679CE-7551-4DA0-9EAB-AE535997576A}.Release|Any CPU.ActiveCfg = Release|Any CPU
		{3E6679CE-7551-4DA0-9EAB-AE535997576A}.Release|Any CPU.Build.0 = Release|Any CPU
		{5684A344-2028-48FA-942E-71B30FBF7F17}.Debug|Any CPU.ActiveCfg = Debug|Any CPU
		{5684A344-2028-48FA-942E-71B30FBF7F17}.Debug|Any CPU.Build.0 = Debug|Any CPU
		{5684A344-2028-48FA-942E-71B30FBF7F17}.Release|Any CPU.ActiveCfg = Release|Any CPU
		{5684A344-2028-48FA-942E-71B30FBF7F17}.Release|Any CPU.Build.0 = Release|Any CPU
		{DC0119AE-3307-4076-A81C-40D3CB068CC0}.Debug|Any CPU.ActiveCfg = Debug|Any CPU
		{DC0119AE-3307-4076-A81C-40D3CB068CC0}.Debug|Any CPU.Build.0 = Debug|Any CPU
		{DC0119AE-3307-4076-A81C-40D3CB068CC0}.Release|Any CPU.ActiveCfg = Release|Any CPU
		{DC0119AE-3307-4076-A81C-40D3CB068CC0}.Release|Any CPU.Build.0 = Release|Any CPU
		{3B8A191E-CB39-429A-B836-94447A16E208}.Debug|Any CPU.ActiveCfg = Debug|Any CPU
		{3B8A191E-CB39-429A-B836-94447A16E208}.Debug|Any CPU.Build.0 = Debug|Any CPU
		{3B8A191E-CB39-429A-B836-94447A16E208}.Release|Any CPU.ActiveCfg = Release|Any CPU
		{3B8A191E-CB39-429A-B836-94447A16E208}.Release|Any CPU.Build.0 = Release|Any CPU
		{9BAB32B4-C6D3-4346-9B36-149D91EEB7CB}.Debug|Any CPU.ActiveCfg = Debug|Any CPU
		{9BAB32B4-C6D3-4346-9B36-149D91EEB7CB}.Debug|Any CPU.Build.0 = Debug|Any CPU
		{9BAB32B4-C6D3-4346-9B36-149D91EEB7CB}.Release|Any CPU.ActiveCfg = Release|Any CPU
		{9BAB32B4-C6D3-4346-9B36-149D91EEB7CB}.Release|Any CPU.Build.0 = Release|Any CPU
		{3175F12C-D90B-493C-80FD-35417008E834}.Debug|Any CPU.ActiveCfg = Debug|Any CPU
		{3175F12C-D90B-493C-80FD-35417008E834}.Debug|Any CPU.Build.0 = Debug|Any CPU
		{3175F12C-D90B-493C-80FD-35417008E834}.Release|Any CPU.ActiveCfg = Release|Any CPU
		{3175F12C-D90B-493C-80FD-35417008E834}.Release|Any CPU.Build.0 = Release|Any CPU
	EndGlobalSection
	GlobalSection(SolutionProperties) = preSolution
		HideSolutionNode = FALSE
	EndGlobalSection
EndGlobal
